
Microsoft Visual Studio Solution File, Format Version 12.00
# Visual Studio Version 16
VisualStudioVersion = 16.0.30804.86
MinimumVisualStudioVersion = 10.0.40219.1
Project("{FAE04EC0-301F-11D3-BF4B-00C04F79EFBC}") = "CustomTextBox", "CustomTextBox\CustomTextBox.csproj", "{B999972F-6E62-42F3-85A6-451E3D81ED63}"
EndProject
Global
	GlobalSection(SolutionConfigurationPlatforms) = preSolution
		Debug|Any CPU = Debug|Any CPU
		Release|Any CPU = Release|Any CPU
	EndGlobalSection
	GlobalSection(ProjectConfigurationPlatforms) = postSolution
		{B999972F-6E62-42F3-85A6-451E3D81ED63}.Debug|Any CPU.ActiveCfg = Debug|Any CPU
		{B999972F-6E62-42F3-85A6-451E3D81ED63}.Debug|Any CPU.Build.0 = Debug|Any CPU
		{B999972F-6E62-42F3-85A6-451E3D81ED63}.Release|Any CPU.ActiveCfg = Release|Any CPU
		{B999972F-6E62-42F3-85A6-451E3D81ED63}.Release|Any CPU.Build.0 = Release|Any CPU
	EndGlobalSection
	GlobalSection(SolutionProperties) = preSolution
		HideSolutionNode = FALSE
	EndGlobalSection
	GlobalSection(ExtensibilityGlobals) = postSolution
		SolutionGuid = {90896522-E9B7-4374-B09B-E5776C82810D}
	EndGlobalSection
EndGlobal
